// !$*UTF8*$!
{
	archiveVersion = 1;
	classes = {
	};
	objectVersion = 46;
	objects = {

/* Begin PBXBuildFile section */
		A25EF1AB1552D9300075B02E /* UIKit.framework in Frameworks */ = {isa = PBXBuildFile; fileRef = A25EF1AA1552D9300075B02E /* UIKit.framework */; };
		A25EF1AD1552D9300075B02E /* Foundation.framework in Frameworks */ = {isa = PBXBuildFile; fileRef = A25EF1AC1552D9300075B02E /* Foundation.framework */; };
		A25EF1AF1552D9300075B02E /* CoreGraphics.framework in Frameworks */ = {isa = PBXBuildFile; fileRef = A25EF1AE1552D9300075B02E /* CoreGraphics.framework */; };
		A25EF1B11552D9300075B02E /* GLKit.framework in Frameworks */ = {isa = PBXBuildFile; fileRef = A25EF1B01552D9300075B02E /* GLKit.framework */; };
		A25EF1B31552D9300075B02E /* OpenGLES.framework in Frameworks */ = {isa = PBXBuildFile; fileRef = A25EF1B21552D9300075B02E /* OpenGLES.framework */; };
		A25EF1B91552D9300075B02E /* InfoPlist.strings in Resources */ = {isa = PBXBuildFile; fileRef = A25EF1B71552D9300075B02E /* InfoPlist.strings */; };
		A25EF1BB1552D9300075B02E /* main.m in Sources */ = {isa = PBXBuildFile; fileRef = A25EF1BA1552D9300075B02E /* main.m */; };
		A25EF1BF1552D9300075B02E /* AppDelegate.m in Sources */ = {isa = PBXBuildFile; fileRef = A25EF1BE1552D9300075B02E /* AppDelegate.m */; };
		A25EF1C11552D9300075B02E /* Shader.fsh in Resources */ = {isa = PBXBuildFile; fileRef = A25EF1C01552D9300075B02E /* Shader.fsh */; };
		A25EF1C31552D9300075B02E /* Shader.vsh in Resources */ = {isa = PBXBuildFile; fileRef = A25EF1C21552D9300075B02E /* Shader.vsh */; };
		A25EF1C61552D9300075B02E /* ViewController.m in Sources */ = {isa = PBXBuildFile; fileRef = A25EF1C51552D9300075B02E /* ViewController.m */; };
		A25EF1C91552D9300075B02E /* ViewController.xib in Resources */ = {isa = PBXBuildFile; fileRef = A25EF1C71552D9300075B02E /* ViewController.xib */; };
/* End PBXBuildFile section */

/* Begin PBXFileReference section */
		A25EF1A61552D9300075B02E /* OpenGLGame.app */ = {isa = PBXFileReference; explicitFileType = wrapper.application; includeInIndex = 0; path = OpenGLGame.app; sourceTree = BUILT_PRODUCTS_DIR; };
		A25EF1AA1552D9300075B02E /* UIKit.framework */ = {isa = PBXFileReference; lastKnownFileType = wrapper.framework; name = UIKit.framework; path = System/Library/Frameworks/UIKit.framework; sourceTree = SDKROOT; };
		A25EF1AC1552D9300075B02E /* Foundation.framework */ = {isa = PBXFileReference; lastKnownFileType = wrapper.framework; name = Foundation.framework; path = System/Library/Frameworks/Foundation.framework; sourceTree = SDKROOT; };
		A25EF1AE1552D9300075B02E /* CoreGraphics.framework */ = {isa = PBXFileReference; lastKnownFileType = wrapper.framework; name = CoreGraphics.framework; path = System/Library/Frameworks/CoreGraphics.framework; sourceTree = SDKROOT; };
		A25EF1B01552D9300075B02E /* GLKit.framework */ = {isa = PBXFileReference; lastKnownFileType = wrapper.framework; name = GLKit.framework; path = System/Library/Frameworks/GLKit.framework; sourceTree = SDKROOT; };
		A25EF1B21552D9300075B02E /* OpenGLES.framework */ = {isa = PBXFileReference; lastKnownFileType = wrapper.framework; name = OpenGLES.framework; path = System/Library/Frameworks/OpenGLES.framework; sourceTree = SDKROOT; };
		A25EF1B61552D9300075B02E /* OpenGLGame-Info.plist */ = {isa = PBXFileReference; lastKnownFileType = text.plist.xml; path = "OpenGLGame-Info.plist"; sourceTree = "<group>"; };
		A25EF1B81552D9300075B02E /* en */ = {isa = PBXFileReference; lastKnownFileType = text.plist.strings; name = en; path = en.lproj/InfoPlist.strings; sourceTree = "<group>"; };
		A25EF1BA1552D9300075B02E /* main.m */ = {isa = PBXFileReference; lastKnownFileType = sourcecode.c.objc; path = main.m; sourceTree = "<group>"; };
		A25EF1BC1552D9300075B02E /* OpenGLGame-Prefix.pch */ = {isa = PBXFileReference; lastKnownFileType = sourcecode.c.h; path = "OpenGLGame-Prefix.pch"; sourceTree = "<group>"; };
		A25EF1BD1552D9300075B02E /* AppDelegate.h */ = {isa = PBXFileReference; lastKnownFileType = sourcecode.c.h; path = AppDelegate.h; sourceTree = "<group>"; };
		A25EF1BE1552D9300075B02E /* AppDelegate.m */ = {isa = PBXFileReference; lastKnownFileType = sourcecode.c.objc; path = AppDelegate.m; sourceTree = "<group>"; };
		A25EF1C01552D9300075B02E /* Shader.fsh */ = {isa = PBXFileReference; lastKnownFileType = sourcecode.glsl; name = Shader.fsh; path = Shaders/Shader.fsh; sourceTree = "<group>"; };
		A25EF1C21552D9300075B02E /* Shader.vsh */ = {isa = PBXFileReference; lastKnownFileType = sourcecode.glsl; name = Shader.vsh; path = Shaders/Shader.vsh; sourceTree = "<group>"; };
		A25EF1C41552D9300075B02E /* ViewController.h */ = {isa = PBXFileReference; lastKnownFileType = sourcecode.c.h; path = ViewController.h; sourceTree = "<group>"; };
		A25EF1C51552D9300075B02E /* ViewController.m */ = {isa = PBXFileReference; lastKnownFileType = sourcecode.c.objc; path = ViewController.m; sourceTree = "<group>"; };
		A25EF1C81552D9300075B02E /* en */ = {isa = PBXFileReference; lastKnownFileType = file.xib; name = en; path = en.lproj/ViewController.xib; sourceTree = "<group>"; };
/* End PBXFileReference section */

/* Begin PBXFrameworksBuildPhase section */
		A25EF1A31552D9300075B02E /* Frameworks */ = {
			isa = PBXFrameworksBuildPhase;
			buildActionMask = 2147483647;
			files = (
				A25EF1AB1552D9300075B02E /* UIKit.framework in Frameworks */,
				A25EF1AD1552D9300075B02E /* Foundation.framework in Frameworks */,
				A25EF1AF1552D9300075B02E /* CoreGraphics.framework in Frameworks */,
				A25EF1B11552D9300075B02E /* GLKit.framework in Frameworks */,
				A25EF1B31552D9300075B02E /* OpenGLES.framework in Frameworks */,
			);
			runOnlyForDeploymentPostprocessing = 0;
		};
/* End PBXFrameworksBuildPhase section */

/* Begin PBXGroup section */
		A25EF19B1552D9300075B02E = {
			isa = PBXGroup;
			children = (
				A25EF1B41552D9300075B02E /* OpenGLGame */,
				A25EF1A91552D9300075B02E /* Frameworks */,
				A25EF1A71552D9300075B02E /* Products */,
			);
			sourceTree = "<group>";
		};
		A25EF1A71552D9300075B02E /* Products */ = {
			isa = PBXGroup;
			children = (
				A25EF1A61552D9300075B02E /* OpenGLGame.app */,
			);
			name = Products;
			sourceTree = "<group>";
		};
		A25EF1A91552D9300075B02E /* Frameworks */ = {
			isa = PBXGroup;
			children = (
				A25EF1AA1552D9300075B02E /* UIKit.framework */,
				A25EF1AC1552D9300075B02E /* Foundation.framework */,
				A25EF1AE1552D9300075B02E /* CoreGraphics.framework */,
				A25EF1B01552D9300075B02E /* GLKit.framework */,
				A25EF1B21552D9300075B02E /* OpenGLES.framework */,
			);
			name = Frameworks;
			sourceTree = "<group>";
		};
		A25EF1B41552D9300075B02E /* OpenGLGame */ = {
			isa = PBXGroup;
			children = (
				A25EF1BD1552D9300075B02E /* AppDelegate.h */,
				A25EF1BE1552D9300075B02E /* AppDelegate.m */,
				A25EF1C01552D9300075B02E /* Shader.fsh */,
				A25EF1C21552D9300075B02E /* Shader.vsh */,
				A25EF1C41552D9300075B02E /* ViewController.h */,
				A25EF1C51552D9300075B02E /* ViewController.m */,
				A25EF1C71552D9300075B02E /* ViewController.xib */,
				A25EF1B51552D9300075B02E /* Supporting Files */,
			);
			path = OpenGLGame;
			sourceTree = "<group>";
		};
		A25EF1B51552D9300075B02E /* Supporting Files */ = {
			isa = PBXGroup;
			children = (
				A25EF1B61552D9300075B02E /* OpenGLGame-Info.plist */,
				A25EF1B71552D9300075B02E /* InfoPlist.strings */,
				A25EF1BA1552D9300075B02E /* main.m */,
				A25EF1BC1552D9300075B02E /* OpenGLGame-Prefix.pch */,
			);
			name = "Supporting Files";
			sourceTree = "<group>";
		};
/* End PBXGroup section */

/* Begin PBXNativeTarget section */
		A25EF1A51552D9300075B02E /* OpenGLGame */ = {
			isa = PBXNativeTarget;
			buildConfigurationList = A25EF1CC1552D9300075B02E /* Build configuration list for PBXNativeTarget "OpenGLGame" */;
			buildPhases = (
				A25EF1A21552D9300075B02E /* Sources */,
				A25EF1A31552D9300075B02E /* Frameworks */,
				A25EF1A41552D9300075B02E /* Resources */,
			);
			buildRules = (
			);
			dependencies = (
			);
			name = OpenGLGame;
			productName = OpenGLGame;
			productReference = A25EF1A61552D9300075B02E /* OpenGLGame.app */;
			productType = "com.apple.product-type.application";
		};
/* End PBXNativeTarget section */

/* Begin PBXProject section */
		A25EF19D1552D9300075B02E /* Project object */ = {
			isa = PBXProject;
			attributes = {
				LastUpgradeCheck = 0430;
			};
			buildConfigurationList = A25EF1A01552D9300075B02E /* Build configuration list for PBXProject "OpenGLGame" */;
			compatibilityVersion = "Xcode 3.2";
			developmentRegion = English;
			hasScannedForEncodings = 0;
			knownRegions = (
				en,
			);
			mainGroup = A25EF19B1552D9300075B02E;
			productRefGroup = A25EF1A71552D9300075B02E /* Products */;
			projectDirPath = "";
			projectRoot = "";
			targets = (
				A25EF1A51552D9300075B02E /* OpenGLGame */,
			);
		};
/* End PBXProject section */

/* Begin PBXResourcesBuildPhase section */
		A25EF1A41552D9300075B02E /* Resources */ = {
			isa = PBXResourcesBuildPhase;
			buildActionMask = 2147483647;
			files = (
				A25EF1B91552D9300075B02E /* InfoPlist.strings in Resources */,
				A25EF1C11552D9300075B02E /* Shader.fsh in Resources */,
				A25EF1C31552D9300075B02E /* Shader.vsh in Resources */,
				A25EF1C91552D9300075B02E /* ViewController.xib in Resources */,
			);
			runOnlyForDeploymentPostprocessing = 0;
		};
/* End PBXResourcesBuildPhase section */

/* Begin PBXSourcesBuildPhase section */
		A25EF1A21552D9300075B02E /* Sources */ = {
			isa = PBXSourcesBuildPhase;
			buildActionMask = 2147483647;
			files = (
				A25EF1BB1552D9300075B02E /* main.m in Sources */,
				A25EF1BF1552D9300075B02E /* AppDelegate.m in Sources */,
				A25EF1C61552D9300075B02E /* ViewController.m in Sources */,
			);
			runOnlyForDeploymentPostprocessing = 0;
		};
/* End PBXSourcesBuildPhase section */

/* Begin PBXVariantGroup section */
		A25EF1B71552D9300075B02E /* InfoPlist.strings */ = {
			isa = PBXVariantGroup;
			children = (
				A25EF1B81552D9300075B02E /* en */,
			);
			name = InfoPlist.strings;
			sourceTree = "<group>";
		};
		A25EF1C71552D9300075B02E /* ViewController.xib */ = {
			isa = PBXVariantGroup;
			children = (
				A25EF1C81552D9300075B02E /* en */,
			);
			name = ViewController.xib;
			sourceTree = "<group>";
		};
/* End PBXVariantGroup section */

/* Begin XCBuildConfiguration section */
		A25EF1CA1552D9300075B02E /* Debug */ = {
			isa = XCBuildConfiguration;
			buildSettings = {
				ALWAYS_SEARCH_USER_PATHS = NO;
				ARCHS = "$(ARCHS_STANDARD_32_BIT)";
				"CODE_SIGN_IDENTITY[sdk=iphoneos*]" = "iPhone Developer";
				COPY_PHASE_STRIP = NO;
				GCC_C_LANGUAGE_STANDARD = gnu99;
				GCC_DYNAMIC_NO_PIC = NO;
				GCC_OPTIMIZATION_LEVEL = 0;
				GCC_PREPROCESSOR_DEFINITIONS = (
					"DEBUG=1",
					"$(inherited)",
				);
				GCC_SYMBOLS_PRIVATE_EXTERN = NO;
				GCC_VERSION = com.apple.compilers.llvm.clang.1_0;
				GCC_WARN_ABOUT_RETURN_TYPE = YES;
				GCC_WARN_UNINITIALIZED_AUTOS = YES;
				GCC_WARN_UNUSED_VARIABLE = YES;
				IPHONEOS_DEPLOYMENT_TARGET = 5.1;
				SDKROOT = iphoneos;
			};
			name = Debug;
		};
		A25EF1CB1552D9300075B02E /* Release */ = {
			isa = XCBuildConfiguration;
			buildSettings = {
				ALWAYS_SEARCH_USER_PATHS = NO;
				ARCHS = "$(ARCHS_STANDARD_32_BIT)";
				"CODE_SIGN_IDENTITY[sdk=iphoneos*]" = "iPhone Developer";
				COPY_PHASE_STRIP = YES;
				GCC_C_LANGUAGE_STANDARD = gnu99;
				GCC_VERSION = com.apple.compilers.llvm.clang.1_0;
				GCC_WARN_ABOUT_RETURN_TYPE = YES;
				GCC_WARN_UNINITIALIZED_AUTOS = YES;
				GCC_WARN_UNUSED_VARIABLE = YES;
				IPHONEOS_DEPLOYMENT_TARGET = 5.1;
				OTHER_CFLAGS = "-DNS_BLOCK_ASSERTIONS=1";
				SDKROOT = iphoneos;
				VALIDATE_PRODUCT = YES;
			};
			name = Release;
		};
		A25EF1CD1552D9300075B02E /* Debug */ = {
			isa = XCBuildConfiguration;
			buildSettings = {
				GCC_PRECOMPILE_PREFIX_HEADER = YES;
				GCC_PREFIX_HEADER = "OpenGLGame/OpenGLGame-Prefix.pch";
				"GCC_THUMB_SUPPORT[arch=armv6]" = "";
				INFOPLIST_FILE = "OpenGLGame/OpenGLGame-Info.plist";
				PRODUCT_NAME = "$(TARGET_NAME)";
				WRAPPER_EXTENSION = app;
			};
			name = Debug;
		};
		A25EF1CE1552D9300075B02E /* Release */ = {
			isa = XCBuildConfiguration;
			buildSettings = {
				GCC_PRECOMPILE_PREFIX_HEADER = YES;
				GCC_PREFIX_HEADER = "OpenGLGame/OpenGLGame-Prefix.pch";
				"GCC_THUMB_SUPPORT[arch=armv6]" = "";
				INFOPLIST_FILE = "OpenGLGame/OpenGLGame-Info.plist";
				PRODUCT_NAME = "$(TARGET_NAME)";
				WRAPPER_EXTENSION = app;
			};
			name = Release;
		};
/* End XCBuildConfiguration section */

/* Begin XCConfigurationList section */
		A25EF1A01552D9300075B02E /* Build configuration list for PBXProject "OpenGLGame" */ = {
			isa = XCConfigurationList;
			buildConfigurations = (
				A25EF1CA1552D9300075B02E /* Debug */,
				A25EF1CB1552D9300075B02E /* Release */,
			);
			defaultConfigurationIsVisible = 0;
			defaultConfigurationName = Release;
		};
		A25EF1CC1552D9300075B02E /* Build configuration list for PBXNativeTarget "OpenGLGame" */ = {
			isa = XCConfigurationList;
			buildConfigurations = (
				A25EF1CD1552D9300075B02E /* Debug */,
				A25EF1CE1552D9300075B02E /* Release */,
			);
			defaultConfigurationIsVisible = 0;
		};
/* End XCConfigurationList section */
	};
	rootObject = A25EF19D1552D9300075B02E /* Project object */;
}
